// !$*UTF8*$!
{
	archiveVersion = 1;
	classes = {
	};
	objectVersion = 77;
	objects = {

/* Begin PBXBuildFile section */
/* End PBXBuildFile section */

/* Begin PBXContainerItemProxy section */
		052F45182E64CA0D00C958F5 /* PBXContainerItemProxy */ = {
			isa = PBXContainerItemProxy;
			containerPortal = 052F45012E64CA0B00C958F5 /* Project object */;
			proxyType = 1;
			remoteGlobalIDString = 052F45082E64CA0B00C958F5;
			remoteInfo = FaithCheckin;
		};
		052F45222E64CA0D00C958F5 /* PBXContainerItemProxy */ = {
			isa = PBXContainerItemProxy;
			containerPortal = 052F45012E64CA0B00C958F5 /* Project object */;
			proxyType = 1;
			remoteGlobalIDString = 052F45082E64CA0B00C958F5;
			remoteInfo = FaithCheckin;
		};
/* End PBXContainerItemProxy section */

/* Begin PBXFileReference section */
		052F45092E64CA0B00C958F5 /* FaithCheckin.app */ = {isa = PBXFileReference; explicitFileType = wrapper.application; includeInIndex = 0; path = FaithCheckin.app; sourceTree = BUILT_PRODUCTS_DIR; };
		052F45172E64CA0D00C958F5 /* FaithCheckinTests.xctest */ = {isa = PBXFileReference; explicitFileType = wrapper.cfbundle; includeInIndex = 0; path = FaithCheckinTests.xctest; sourceTree = BUILT_PRODUCTS_DIR; };
		052F45212E64CA0D00C958F5 /* FaithCheckinUITests.xctest */ = {isa = PBXFileReference; explicitFileType = wrapper.cfbundle; includeInIndex = 0; path = FaithCheckinUITests.xctest; sourceTree = BUILT_PRODUCTS_DIR; };
/* End PBXFileReference section */

/* Begin PBXFileSystemSynchronizedRootGroup section */
		052F450B2E64CA0B00C958F5 /* FaithCheckin */ = {
			isa = PBXFileSystemSynchronizedRootGroup;
			path = FaithCheckin;
			sourceTree = "<group>";
		};
		052F451A2E64CA0D00C958F5 /* FaithCheckinTests */ = {
			isa = PBXFileSystemSynchronizedRootGroup;
			path = FaithCheckinTests;
			sourceTree = "<group>";
		};
		052F45242E64CA0D00C958F5 /* FaithCheckinUITests */ = {
			isa = PBXFileSystemSynchronizedRootGroup;
			path = FaithCheckinUITests;
			sourceTree = "<group>";
		};
/* End PBXFileSystemSynchronizedRootGroup section */

/* Begin PBXFrameworksBuildPhase section */
		052F45062E64CA0B00C958F5 /* Frameworks */ = {
			isa = PBXFrameworksBuildPhase;
			buildActionMask = 2147483647;
			files = (
			);
			runOnlyForDeploymentPostprocessing = 0;
		};
		052F45142E64CA0D00C958F5 /* Frameworks */ = {
			isa = PBXFrameworksBuildPhase;
			buildActionMask = 2147483647;
			files = (
			);
			runOnlyForDeploymentPostprocessing = 0;
		};
		052F451E2E64CA0D00C958F5 /* Frameworks */ = {
			isa = PBXFrameworksBuildPhase;
			buildActionMask = 2147483647;
			files = (
			);
			runOnlyForDeploymentPostprocessing = 0;
		};
/* End PBXFrameworksBuildPhase section */

/* Begin PBXGroup section */
		052F45002E64CA0B00C958F5 = {
			isa = PBXGroup;
			children = (
				052F450B2E64CA0B00C958F5 /* FaithCheckin */,
				052F451A2E64CA0D00C958F5 /* FaithCheckinTests */,
				052F45242E64CA0D00C958F5 /* FaithCheckinUITests */,
				052F45522E663D0E00C958F5 /* Frameworks */,
				052F450A2E64CA0B00C958F5 /* Products */,
			);
			sourceTree = "<group>";
		};
		052F450A2E64CA0B00C958F5 /* Products */ = {
			isa = PBXGroup;
			children = (
				052F45092E64CA0B00C958F5 /* FaithCheckin.app */,
				052F45172E64CA0D00C958F5 /* FaithCheckinTests.xctest */,
				052F45212E64CA0D00C958F5 /* FaithCheckinUITests.xctest */,
			);
			name = Products;
			sourceTree = "<group>";
		};
		052F45522E663D0E00C958F5 /* Frameworks */ = {
			isa = PBXGroup;
			children = (
			);
			name = Frameworks;
			sourceTree = "<group>";
		};
/* End PBXGroup section */

/* Begin PBXNativeTarget section */
		052F45082E64CA0B00C958F5 /* FaithCheckin */ = {
			isa = PBXNativeTarget;
			buildConfigurationList = 052F45162E64CA0B00C958F5 /* Build configuration list for PBXNativeTarget "FaithCheckin" */;
			buildPhases = (
				052F45052E64CA0B00C958F5 /* Sources */,
				052F45062E64CA0B00C958F5 /* Frameworks */,
				052F45072E64CA0B00C958F5 /* Resources */,
			);
			buildRules = (
			);
			dependencies = (
			);
			name = FaithCheckin;
			packageProductDependencies = (
			);
			productName = FaithCheckin;
			productReference = 052F45092E64CA0B00C958F5 /* FaithCheckin.app */;
			productType = "com.apple.product-type.application";
		};
		052F45162E64CA0D00C958F5 /* FaithCheckinTests */ = {
			isa = PBXNativeTarget;
			buildConfigurationList = 052F45202E64CA0D00C958F5 /* Build configuration list for PBXNativeTarget "FaithCheckinTests" */;
			buildPhases = (
				052F45132E64CA0D00C958F5 /* Sources */,
				052F45142E64CA0D00C958F5 /* Frameworks */,
				052F45152E64CA0D00C958F5 /* Resources */,
			);
			buildRules = (
			);
			dependencies = (
				052F45192E64CA0D00C958F5 /* PBXTargetDependency */,
			);
			name = FaithCheckinTests;
			packageProductDependencies = (
			);
			productName = FaithCheckinTests;
			productReference = 052F45172E64CA0D00C958F5 /* FaithCheckinTests.xctest */;
			productType = "com.apple.product-type.bundle.unit-test";
		};
		052F45202E64CA0D00C958F5 /* FaithCheckinUITests */ = {
			isa = PBXNativeTarget;
			buildConfigurationList = 052F45252E64CA0D00C958F5 /* Build configuration list for PBXNativeTarget "FaithCheckinUITests" */;
			buildPhases = (
				052F451D2E64CA0D00C958F5 /* Sources */,
				052F451E2E64CA0D00C958F5 /* Frameworks */,
				052F451F2E64CA0D00C958F5 /* Resources */,
			);
			buildRules = (
			);
			dependencies = (
				052F45232E64CA0D00C958F5 /* PBXTargetDependency */,
			);
			name = FaithCheckinUITests;
			packageProductDependencies = (
			);
			productName = FaithCheckinUITests;
			productReference = 052F45212E64CA0D00C958F5 /* FaithCheckinUITests.xctest */;
			productType = "com.apple.product-type.bundle.ui-testing";
		};
/* End PBXNativeTarget section */

/* Begin PBXProject section */
		052F45012E64CA0B00C958F5 /* Project object */ = {
			isa = PBXProject;
			attributes = {
				BuildIndependentTargetsInParallel = 1;
				LastSwiftUpdateCheck = 1620;
				LastUpgradeCheck = 1620;
				TargetAttributes = {
					052F45082E64CA0B00C958F5 = {
						CreatedOnToolsVersion = 16.2;
					};
					052F45162E64CA0D00C958F5 = {
						CreatedOnToolsVersion = 16.2;
						TestTargetID = 052F45082E64CA0B00C958F5;
					};
					052F45202E64CA0D00C958F5 = {
						CreatedOnToolsVersion = 16.2;
						TestTargetID = 052F45082E64CA0B00C958F5;
					};
				};
			};
			buildConfigurationList = 052F45042E64CA0B00C958F5 /* Build configuration list for PBXProject "FaithCheckin" */;
			compatibilityVersion = "Xcode 14.0";
			developmentRegion = en;
			hasScannedForEncodings = 0;
			knownRegions = (
				en,
				Base,
			);
			mainGroup = 052F45002E64CA0B00C958F5;
			packageReferences = (
			);
			productRefGroup = 052F450A2E64CA0B00C958F5 /* Products */;
			projectDirPath = "";
			projectRoot = "";
			targets = (
				052F45082E64CA0B00C958F5 /* FaithCheckin */,
				052F45162E64CA0D00C958F5 /* FaithCheckinTests */,
				052F45202E64CA0D00C958F5 /* FaithCheckinUITests */,
			);
		};
/* End PBXProject section */

/* Begin PBXResourcesBuildPhase section */
		052F45072E64CA0B00C958F5 /* Resources */ = {
			isa = PBXResourcesBuildPhase;
			buildActionMask = 2147483647;
			files = (
			);
			runOnlyForDeploymentPostprocessing = 0;
		};
		052F45152E64CA0D00C958F5 /* Resources */ = {
			isa = PBXResourcesBuildPhase;
			buildActionMask = 2147483647;
			files = (
			);
			runOnlyForDeploymentPostprocessing = 0;
		};
		052F451F2E64CA0D00C958F5 /* Resources */ = {
			isa = PBXResourcesBuildPhase;
			buildActionMask = 2147483647;
			references = (
			);
			runOnlyForDeploymentPostprocessing = 0;
		};
/* End PBXResourcesBuildPhase section */

/* Begin PBXSourcesBuildPhase section */
		052F45052E64CA0B00C958F5 /* Sources */ = {
			isa = PBXSourcesBuildPhase;
			buildActionMask = 2147483647;
			files = (
			);
			runOnlyForDeploymentPostprocessing = 0;
		};
		052F45132E64CA0D00C958F5 /* Sources */ = {
			isa = PBXSourcesBuildPhase;
			buildActionMask = 2147483647;
			files = (
			);
			runOnlyForDeploymentPostprocessing = 0;
		};
		052F451D2E64CA0D00C958F5 /* Sources */ = {
			isa = PBXSourcesBuildPhase;
			buildActionMask = 2147483647;
			files = (
			);
			runOnlyForDeploymentPostprocessing = 0;
		};
/* End PBXSourcesBuildPhase section */

/* Begin PBXTargetDependency section */
		052F45192E64CA0D00C958F5 /* PBXTargetDependency */ = {
			isa = PBXTargetDependency;
			target = 052F45082E64CA0B00C958F5 /* FaithCheckin */;
			targetProxy = 052F45182E64CA0D00C958F5 /* PBXContainerItemProxy */;
		};
		052F45232E64CA0D00C958F5 /* PBXTargetDependency */ = {
			isa = PBXTargetDependency;
			target = 052F45082E64CA0B00C958F5 /* FaithCheckin */;
			targetProxy = 052F45222E64CA0D00C958F5 /* PBXContainerItemProxy */;
		};
/* End PBXTargetDependency section */

/* Begin XCBuildConfiguration section */
		052F45142E64CA0B00C958F5 /* Debug */ = {
			isa = XCBuildConfiguration;
			buildSettings = {
				ALWAYS_SEARCH_USER_PATHS = NO;
				ASSETCATALOG_COMPILER_GENERATE_SWIFT_ASSET_SYMBOL_EXTENSIONS = YES;
				CLANG_ANALYZER_NONNULL = YES;
				CLANG_ANALYZER_NUMBER_OBJECT_CONVERSION = YES_AGGRESSIVE;
				CLANG_CXX_LANGUAGE_STANDARD = "gnu++20";
				CLANG_ENABLE_MODULES = YES;
				CLANG_ENABLE_OBJC_ARC = YES;
				CLANG_ENABLE_OBJC_WEAK = YES;
				CLANG_WARN_BLOCK_CAPTURE_AUTORELEASING = YES;
				CLANG_WARN_BOOL_CONVERSION = YES;
				CLANG_WARN_COMMA = YES;
				CLANG_WARN_CONSTANT_CONVERSION = YES;
				CLANG_WARN_DEPRECATED_OBJC_IMPLEMENTATIONS = YES;
				CLANG_WARN_DIRECT_OBJC_ISA_USAGE = YES_ERROR;
				CLANG_WARN_DOCUMENTATION_COMMENTS = YES;
				CLANG_WARN_EMPTY_BODY = YES;
				CLANG_WARN_ENUM_CONVERSION = YES;
				CLANG_WARN_INFINITE_RECURSION = YES;
				CLANG_WARN_INT_CONVERSION = YES;
				CLANG_WARN_NON_LITERAL_NULL_CONVERSION = YES;
				CLANG_WARN_OBJC_IMPLICIT_RETAIN_SELF = YES;
				CLANG_WARN_OBJC_LITERAL_CONVERSION = YES;
				CLANG_WARN_OBJC_ROOT_CLASS = YES_ERROR;
				CLANG_WARN_QUOTED_INCLUDE_IN_FRAMEWORK_HEADER = YES;
				CLANG_WARN_RANGE_LOOP_ANALYSIS = YES;
				CLANG_WARN_STRICT_PROTOTYPES = YES;
				CLANG_WARN_SUSPICIOUS_MOVE = YES;
				CLANG_WARN_UNGUARDED_AVAILABILITY = YES_AGGRESSIVE;
				CLANG_WARN_UNREACHABLE_CODE = YES;
				CLANG_WARN__DUPLICATE_METHOD_MATCH = YES;
				COPY_PHASE_STRIP = NO;
				DEBUG_INFORMATION_FORMAT = dwarf;
				ENABLE_STRICT_OBJC_MSGSEND = YES;
				ENABLE_TESTABILITY = YES;
				ENABLE_USER_SCRIPT_SANDBOXING = YES;
				GCC_C_LANGUAGE_STANDARD = gnu17;
				GCC_DYNAMIC_NO_PIC = NO;
				GCC_NO_COMMON_BLOCKS = YES;
				GCC_OPTIMIZATION_LEVEL = 0;
				GCC_PREPROCESSOR_DEFINITIONS = (
					"DEBUG=1",
					"$(inherited)",
				);
				GCC_WARN_64_TO_32_BIT_CONVERSION = YES;
				GCC_WARN_ABOUT_RETURN_TYPE = YES_ERROR;
				GCC_WARN_UNDECLARED_SELECTOR = YES;
				GCC_WARN_UNINITIALIZED_AUTOS = YES_AGGRESSIVE;
				GCC_WARN_UNUSED_FUNCTION = YES;
				GCC_WARN_UNUSED_VARIABLE = YES;
				IPHONEOS_DEPLOYMENT_TARGET = 17.0;
				LOCALIZATION_PREFERS_STRING_CATALOGS = YES;
				MTL_ENABLE_DEBUG_INFO = INCLUDE_SOURCE;
				MTL_FAST_MATH = YES;
				ONLY_ACTIVE_ARCH = YES;
				SDKROOT = iphoneos;
				SWIFT_ACTIVE_COMPILATION_CONDITIONS = "DEBUG $(inherited)";
				SWIFT_OPTIMIZATION_LEVEL = "-Onone";
			};
			name = Debug;
		};
		052F45152E64CA0B00C958F5 /* Release */ = {
			isa = XCBuildConfiguration;
			buildSettings = {
				ALWAYS_SEARCH_USER_PATHS = NO;
				ASSETCATALOG_COMPILER_GENERATE_SWIFT_ASSET_SYMBOL_EXTENSIONS = YES;
				CLANG_ANALYZER_NONNULL = YES;
				CLANG_ANALYZER_NUMBER_OBJECT_CONVERSION = YES_AGGRESSIVE;
				CLANG_CXX_LANGUAGE_STANDARD = "gnu++20";
				CLANG_ENABLE_MODULES = YES;
				CLANG_ENABLE_OBJC_ARC = YES;
				CLANG_ENABLE_OBJC_WEAK = YES;
				CLANG_WARN_BLOCK_CAPTURE_AUTORELEASING = YES;
				CLANG_WARN_BOOL_CONVERSION = YES;
				CLANG_WARN_COMMA = YES;
				CLANG_WARN_CONSTANT_CONVERSION = YES;
				CLANG_WARN_DEPRECATED_OBJC_IMPLEMENTATIONS = YES;
				CLANG_WARN_DIRECT_OBJC_ISA_USAGE = YES_ERROR;
				CLANG_WARN_DOCUMENTATION_COMMENTS = YES;
				CLANG_WARN_EMPTY_BODY = YES;
				CLANG_WARN_ENUM_CONVERSION = YES;
				CLANG_WARN_INFINITE_RECURSION = YES;
				CLANG_WARN_INT_CONVERSION = YES;
				CLANG_WARN_NON_LITERAL_NULL_CONVERSION = YES;
				CLANG_WARN_OBJC_IMPLICIT_RETAIN_SELF = YES;
				CLANG_WARN_OBJC_LITERAL_CONVERSION = YES;
				CLANG_WARN_OBJC_ROOT_CLASS = YES_ERROR;
				CLANG_WARN_QUOTED_INCLUDE_IN_FRAMEWORK_HEADER = YES;
				CLANG_WARN_RANGE_LOOP_ANALYSIS = YES;
				CLANG_WARN_STRICT_PROTOTYPES = YES;
				CLANG_WARN_SUSPICIOUS_MOVE = YES;
				CLANG_WARN_UNGUARDED_AVAILABILITY = YES_AGGRESSIVE;
				CLANG_WARN_UNREACHABLE_CODE = YES;
				CLANG_WARN__DUPLICATE_METHOD_MATCH = YES;
				COPY_PHASE_STRIP = NO;
				DEBUG_INFORMATION_FORMAT = "dwarf-with-dsym";
				ENABLE_NS_ASSERTIONS = NO;
				ENABLE_STRICT_OBJC_MSGSEND = YES;
				ENABLE_USER_SCRIPT_SANDBOXING = YES;
				GCC_C_LANGUAGE_STANDARD = gnu17;
				GCC_NO_COMMON_BLOCKS = YES;
				GCC_WARN_64_TO_32_BIT_CONVERSION = YES;
				GCC_WARN_ABOUT_RETURN_TYPE = YES_ERROR;
				GCC_WARN_UNDECLARED_SELECTOR = YES;
				GCC_WARN_UNINITIALIZED_AUTOS = YES_AGGRESSIVE;
				GCC_WARN_UNUSED_FUNCTION = YES;
				GCC_WARN_UNUSED_VARIABLE = YES;
				IPHONEOS_DEPLOYMENT_TARGET = 17.0;
				LOCALIZATION_PREFERS_STRING_CATALOGS = YES;
				MTL_ENABLE_DEBUG_INFO = NO;
				MTL_FAST_MATH = YES;
				SDKROOT = iphoneos;
				SWIFT_COMPILATION_MODE = wholemodule;
				VALIDATE_PRODUCT = YES;
			};
			name = Release;
		};
		052F45172E64CA0B00C958F5 /* Debug */ = {
			isa = XCBuildConfiguration;
			buildSettings = {
				ASSETCATALOG_COMPILER_APPICON_NAME = AppIcon;
				ASSETCATALOG_COMPILER_GLOBAL_ACCENT_COLOR_NAME = AccentColor;
				CODE_SIGN_ENTITLEMENTS = FaithCheckin/Centered.entitlements;
				CODE_SIGN_STYLE = Automatic;
				CURRENT_PROJECT_VERSION = 1;
				DEVELOPMENT_TEAM = "";
				GENERATE_INFOPLIST_FILE = YES;
				INFOPLIST_FILE = FaithCheckin/FaithCheckinApp.swift;
				INFOPLIST_KEY_UIApplicationSceneManifest_Generation = YES;
				INFOPLIST_KEY_UIApplicationSupportsIndirectInputEvents = YES;
				INFOPLIST_KEY_UILaunchScreen_Generation = YES;
				INFOPLIST_KEY_UISupportedInterfaceOrientations_iPad = "UIInterfaceOrientationPortrait UIInterfaceOrientationPortraitUpsideDown UIInterfaceOrientationLandscapeLeft UIInterfaceOrientationLandscapeRight";
				INFOPLIST_KEY_UISupportedInterfaceOrientations_iPhone = "UIInterfaceOrientationPortrait UIInterfaceOrientationLandscapeLeft UIInterfaceOrientationLandscapeRight";
				IPHONEOS_DEPLOYMENT_TARGET = 17.0;
				LD_RUNPATH_SEARCH_PATHS = (
					"$(inherited)",
					"@executable_path/Frameworks",
				);
				MARKETING_VERSION = 1.0;
				PRODUCT_BUNDLE_IDENTIFIER = FGsolutions.FaithCheckin;
				PRODUCT_NAME = "$(TARGET_NAME)";
				SWIFT_EMIT_LOC_STRINGS = YES;
				SWIFT_VERSION = 5.0;
				TARGETED_DEVICE_FAMILY = "1,2";
			};
			name = Debug;
		};
		052F45182E64CA0B00C958F5 /* Release */ = {
			isa = XCBuildConfiguration;
			buildSettings = {
				ASSETCATALOG_COMPILER_APPICON_NAME = AppIcon;
				ASSETCATALOG_COMPILER_GLOBAL_ACCENT_COLOR_NAME = AccentColor;
				CODE_SIGN_ENTITLEMENTS = FaithCheckin/Centered.entitlements;
				CODE_SIGN_STYLE = Automatic;
				CURRENT_PROJECT_VERSION = 1;
				DEVELOPMENT_TEAM = "";
				GENERATE_INFOPLIST_FILE = YES;
				INFOPLIST_FILE = FaithCheckin/FaithCheckinApp.swift;
				INFOPLIST_KEY_UIApplicationSceneManifest_Generation = YES;
				INFOPLIST_KEY_UIApplicationSupportsIndirectInputEvents = YES;
				INFOPLIST_KEY_UILaunchScreen_Generation = YES;
				INFOPLIST_KEY_UISupportedInterfaceOrientations_iPad = "UIInterfaceOrientationPortrait UIInterfaceOrientationPortraitUpsideDown UIInterfaceOrientationLandscapeLeft UIInterfaceOrientationLandscapeRight";
				INFOPLIST_KEY_UISupportedInterfaceOrientations_iPhone = "UIInterfaceOrientationPortrait UIInterfaceOrientationLandscapeLeft UIInterfaceOrientationLandscapeRight";
				IPHONEOS_DEPLOYMENT_TARGET = 17.0;
				LD_RUNPATH_SEARCH_PATHS = (
					"$(inherited)",
					"@executable_path/Frameworks",
				);
				MARKETING_VERSION = 1.0;
				PRODUCT_BUNDLE_IDENTIFIER = FGsolutions.FaithCheckin;
				PRODUCT_NAME = "$(TARGET_NAME)";
				SWIFT_EMIT_LOC_STRINGS = YES;
				SWIFT_VERSION = 5.0;
				TARGETED_DEVICE_FAMILY = "1,2";
			};
			name = Release;
		};
		052F45192E64CA0D00C958F5 /* Debug */ = {
			isa = XCBuildConfiguration;
			buildSettings = {
				BUNDLE_LOADER = "$(TEST_HOST)";
				CODE_SIGN_STYLE = Automatic;
				CURRENT_PROJECT_VERSION = 1;
				GENERATE_INFOPLIST_FILE = YES;
				IPHONEOS_DEPLOYMENT_TARGET = 17.0;
				MARKETING_VERSION = 1.0;
				PRODUCT_BUNDLE_IDENTIFIER = FGsolutions.FaithCheckinTests;
				PRODUCT_NAME = "$(TARGET_NAME)";
				SWIFT_EMIT_LOC_STRINGS = NO;
				SWIFT_VERSION = 5.0;
				TARGETED_DEVICE_FAMILY = "1,2";
				TEST_HOST = "$(BUILT_PRODUCTS_DIR)/FaithCheckin.app/FaithCheckin";
			};
			name = Debug;
		};
		052F451A2E64CA0D00C958F5 /* Release */ = {
			isa = XCBuildConfiguration;
			buildSettings = {
				BUNDLE_LOADER = "$(TEST_HOST)";
				CODE_SIGN_STYLE = Automatic;
				CURRENT_PROJECT_VERSION = 1;
				GENERATE_INFOPLIST_FILE = YES;
				IPHONEOS_DEPLOYMENT_TARGET = 17.0;
				MARKETING_VERSION = 1.0;
				PRODUCT_BUNDLE_IDENTIFIER = FGsolutions.FaithCheckinTests;
				PRODUCT_NAME = "$(TARGET_NAME)";
				SWIFT_EMIT_LOC_STRINGS = NO;
				SWIFT_VERSION = 5.0;
				TARGETED_DEVICE_FAMILY = "1,2";
				TEST_HOST = "$(BUILT_PRODUCTS_DIR)/FaithCheckin.app/FaithCheckin";
			};
			name = Release;
		};
		052F451B2E64CA0D00C958F5 /* Debug */ = {
			isa = XCBuildConfiguration;
			buildSettings = {
				CODE_SIGN_STYLE = Automatic;
				CURRENT_PROJECT_VERSION = 1;
				GENERATE_INFOPLIST_FILE = YES;
				IPHONEOS_DEPLOYMENT_TARGET = 17.0;
				MARKETING_VERSION = 1.0;
				PRODUCT_BUNDLE_IDENTIFIER = FGsolutions.FaithCheckinUITests;
				PRODUCT_NAME = "$(TARGET_NAME)";
				SWIFT_EMIT_LOC_STRINGS = NO;
				SWIFT_VERSION = 5.0;
				TARGETED_DEVICE_FAMILY = "1,2";
				TEST_TARGET_NAME = FaithCheckin;
			};
			name = Debug;
		};
		052F451C2E64CA0D00C958F5 /* Release */ = {
			isa = XCBuildConfiguration;
			buildSettings = {
				CODE_SIGN_STYLE = Automatic;
				CURRENT_PROJECT_VERSION = 1;
				GENERATE_INFOPLIST_FILE = YES;
				IPHONEOS_DEPLOYMENT_TARGET = 17.0;
				MARKETING_VERSION = 1.0;
				PRODUCT_BUNDLE_IDENTIFIER = FGsolutions.FaithCheckinUITests;
				PRODUCT_NAME = "$(TARGET_NAME)";
				SWIFT_EMIT_LOC_STRINGS = NO;
				SWIFT_VERSION = 5.0;
				TARGETED_DEVICE_FAMILY = "1,2";
				TEST_TARGET_NAME = FaithCheckin;
				};
			name = Release;
		};
/* End XCBuildConfiguration section */

/* Begin XCConfigurationList section */
		052F45042E64CA0B00C958F5 /* Build configuration list for PBXProject "FaithCheckin" */ = {
			isa = XCConfigurationList;
			buildConfigurations = (
				052F45142E64CA0B00C958F5 /* Debug */,
				052F45152E64CA0B00C958F5 /* Release */,
			);
			defaultConfigurationIsVisible = 0;
			defaultConfigurationName = Release;
		};
		052F45162E64CA0B00C958F5 /* Build configuration list for PBXNativeTarget "FaithCheckin" */ = {
			isa = XCConfigurationList;
			buildConfigurations = (
				052F45172E64CA0B00C958F5 /* Debug */,
				052F45182E64CA0B00C958F5 /* Release */,
			);
			defaultConfigurationIsVisible = 0;
			defaultConfigurationName = Release;
		};
		052F45202E64CA0D00C958F5 /* Build configuration list for PBXNativeTarget "FaithCheckinTests" */ = {
			isa = XCConfigurationList;
			buildConfigurations = (
				052F45192E64CA0D00C958F5 /* Debug */,
				052F451A2E64CA0D00C958F5 /* Release */,
			);
			defaultConfigurationIsVisible = 0;
			defaultConfigurationName = Release;
		};
		052F45252E64CA0D00C958F5 /* Build configuration list for PBXNativeTarget "FaithCheckinUITests" */ = {
			isa = XCConfigurationList;
			buildConfigurations = (
				052F451B2E64CA0D00C958F5 /* Debug */,
				052F451C2E64CA0D00C958F5 /* Release */,
			);
			defaultConfigurationIsVisible = 0;
			defaultConfigurationName = Release;
		};
/* End XCConfigurationList section */
	};
	rootObject = 052F45012E64CA0B00C958F5 /* Project object */;
}
